
Microsoft Visual Studio Solution File, Format Version 12.00
# Visual Studio 14
VisualStudioVersion = 14.0.25420.1
MinimumVisualStudioVersion = 10.0.40219.1
Project("{FAE04EC0-301F-11D3-BF4B-00C04F79EFBC}") = "HatenaProxy", "HatenaProxy\HatenaProxy.csproj", "{D79EC5E3-3D8F-4FA8-A8CC-0F503965043A}"
EndProject
Project("{FAE04EC0-301F-11D3-BF4B-00C04F79EFBC}") = "HatenaProxy.Tests", "HatenaProxy.Tests\HatenaProxy.Tests.csproj", "{F8360371-9214-4B11-A681-62A10C9CDA60}"
EndProject
Global
	GlobalSection(SolutionConfigurationPlatforms) = preSolution
		Debug|Any CPU = Debug|Any CPU
		Release|Any CPU = Release|Any CPU
	EndGlobalSection
	GlobalSection(ProjectConfigurationPlatforms) = postSolution
		{D79EC5E3-3D8F-4FA8-A8CC-0F503965043A}.Debug|Any CPU.ActiveCfg = Debug|Any CPU
		{D79EC5E3-3D8F-4FA8-A8CC-0F503965043A}.Debug|Any CPU.Build.0 = Debug|Any CPU
		{D79EC5E3-3D8F-4FA8-A8CC-0F503965043A}.Release|Any CPU.ActiveCfg = Release|Any CPU
		{D79EC5E3-3D8F-4FA8-A8CC-0F503965043A}.Release|Any CPU.Build.0 = Release|Any CPU
		{F8360371-9214-4B11-A681-62A10C9CDA60}.Debug|Any CPU.ActiveCfg = Debug|Any CPU
		{F8360371-9214-4B11-A681-62A10C9CDA60}.Debug|Any CPU.Build.0 = Debug|Any CPU
		{F8360371-9214-4B11-A681-62A10C9CDA60}.Release|Any CPU.ActiveCfg = Release|Any CPU
		{F8360371-9214-4B11-A681-62A10C9CDA60}.Release|Any CPU.Build.0 = Release|Any CPU
	EndGlobalSection
	GlobalSection(SolutionProperties) = preSolution
		HideSolutionNode = FALSE
	EndGlobalSection
EndGlobal
